
Microsoft Visual Studio Solution File, Format Version 12.00
# Visual Studio Version 16
VisualStudioVersion = 16.0.30413.136
MinimumVisualStudioVersion = 10.0.40219.1
Project("{FAE04EC0-301F-11D3-BF4B-00C04F79EFBC}") = "StopWatch1", "StopWatch1\StopWatch1.csproj", "{3D70AA2C-A10A-4ABA-B3E7-F314031FF81A}"
EndProject
Global
	GlobalSection(SolutionConfigurationPlatforms) = preSolution
		Debug|Any CPU = Debug|Any CPU
		Release|Any CPU = Release|Any CPU
	EndGlobalSection
	GlobalSection(ProjectConfigurationPlatforms) = postSolution
		{3D70AA2C-A10A-4ABA-B3E7-F314031FF81A}.Debug|Any CPU.ActiveCfg = Debug|Any CPU
		{3D70AA2C-A10A-4ABA-B3E7-F314031FF81A}.Debug|Any CPU.Build.0 = Debug|Any CPU
		{3D70AA2C-A10A-4ABA-B3E7-F314031FF81A}.Release|Any CPU.ActiveCfg = Release|Any CPU
		{3D70AA2C-A10A-4ABA-B3E7-F314031FF81A}.Release|Any CPU.Build.0 = Release|Any CPU
	EndGlobalSection
	GlobalSection(SolutionProperties) = preSolution
		HideSolutionNode = FALSE
	EndGlobalSection
	GlobalSection(ExtensibilityGlobals) = postSolution
		SolutionGuid = {A960ACD6-5CE5-4407-8308-010C4D92AB74}
	EndGlobalSection
EndGlobal
